PODS:
  - AGEmojiKeyboard (0.2.0)
  - HMSegmentedControl (1.5.2)

DEPENDENCIES:
  - AGEmojiKeyboard (from `../AGEmojiKeyboard.podspec`)
  - HMSegmentedControl

EXTERNAL SOURCES:
  AGEmojiKeyboard:
    :path: "../AGEmojiKeyboard.podspec"

SPEC CHECKSUMS:
  AGEmojiKeyboard: efcb7244ace99deb8eb2c63867ffad198d219fe0
  HMSegmentedControl: 83b9686022d2176fb6457d2bdb61e5d6393fed7d

COCOAPODS: 0.39.0
